
Microsoft Visual Studio Solution File, Format Version 11.00
# Visual Studio 2010
Project("{FAE04EC0-301F-11D3-BF4B-00C04F79EFBC}") = "RoundTimer_WP7_PhoneGap", "RoundTimer_WP7_PhoneGap\RoundTimer_WP7_PhoneGap.csproj", "{7C799450-8A32-4AF8-BBC0-D4A1EEBACA30}"
EndProject
Global
	GlobalSection(SolutionConfigurationPlatforms) = preSolution
		Debug|Any CPU = Debug|Any CPU
		Release|Any CPU = Release|Any CPU
	EndGlobalSection
	GlobalSection(ProjectConfigurationPlatforms) = postSolution
		{7C799450-8A32-4AF8-BBC0-D4A1EEBACA30}.Debug|Any CPU.ActiveCfg = Debug|Any CPU
		{7C799450-8A32-4AF8-BBC0-D4A1EEBACA30}.Debug|Any CPU.Build.0 = Debug|Any CPU
		{7C799450-8A32-4AF8-BBC0-D4A1EEBACA30}.Debug|Any CPU.Deploy.0 = Debug|Any CPU
		{7C799450-8A32-4AF8-BBC0-D4A1EEBACA30}.Release|Any CPU.ActiveCfg = Release|Any CPU
		{7C799450-8A32-4AF8-BBC0-D4A1EEBACA30}.Release|Any CPU.Build.0 = Release|Any CPU
		{7C799450-8A32-4AF8-BBC0-D4A1EEBACA30}.Release|Any CPU.Deploy.0 = Release|Any CPU
	EndGlobalSection
	GlobalSection(SolutionProperties) = preSolution
		HideSolutionNode = FALSE
	EndGlobalSection
EndGlobal
